
Microsoft Visual Studio Solution File, Format Version 12.00
# Visual Studio Version 17
VisualStudioVersion = 17.8.34511.84
MinimumVisualStudioVersion = 10.0.40219.1
Project("{FAE04EC0-301F-11D3-BF4B-00C04F79EFBC}") = "CustomDependencyInjector", "CustomDependencyInjector\CustomDependencyInjector.csproj", "{8D5A9289-54CF-4AB3-B3A1-244E7F59E7FA}"
EndProject
Global
	GlobalSection(SolutionConfigurationPlatforms) = preSolution
		Debug|Any CPU = Debug|Any CPU
		Release|Any CPU = Release|Any CPU
	EndGlobalSection
	GlobalSection(ProjectConfigurationPlatforms) = postSolution
		{8D5A9289-54CF-4AB3-B3A1-244E7F59E7FA}.Debug|Any CPU.ActiveCfg = Debug|Any CPU
		{8D5A9289-54CF-4AB3-B3A1-244E7F59E7FA}.Debug|Any CPU.Build.0 = Debug|Any CPU
		{8D5A9289-54CF-4AB3-B3A1-244E7F59E7FA}.Release|Any CPU.ActiveCfg = Release|Any CPU
		{8D5A9289-54CF-4AB3-B3A1-244E7F59E7FA}.Release|Any CPU.Build.0 = Release|Any CPU
	EndGlobalSection
	GlobalSection(SolutionProperties) = preSolution
		HideSolutionNode = FALSE
	EndGlobalSection
	GlobalSection(ExtensibilityGlobals) = postSolution
		SolutionGuid = {C5320940-6CC6-4BE0-8499-8D0D472ED77A}
	EndGlobalSection
EndGlobal
